
Microsoft Visual Studio Solution File, Format Version 12.00
# Visual Studio Version 17
VisualStudioVersion = 17.12.35707.178
MinimumVisualStudioVersion = 10.0.40219.1
Project("{FAE04EC0-301F-11D3-BF4B-00C04F79EFBC}") = "MrX.Game", "MrX.Game.csproj", "{B734D176-7C72-4320-B24A-658D81421022}"
EndProject
Project("{FAE04EC0-301F-11D3-BF4B-00C04F79EFBC}") = "MrX.Noise", "..\MrX.Noise\MrX.Noise\MrX.Noise.csproj", "{C51A75DD-FB8E-4360-B397-763A318CEBBF}"
EndProject
Project("{FAE04EC0-301F-11D3-BF4B-00C04F79EFBC}") = "MrX.GameV2", "..\MrX.GameV2\MrX.GameV2.csproj", "{E91B872F-4CCA-4583-BEF8-DFB0A627AA41}"
EndProject
Project("{FAE04EC0-301F-11D3-BF4B-00C04F79EFBC}") = "Game", "..\..\Code\Game\Game.csproj", "{4D988CBD-E43F-45E9-A02F-8CE63CE439F2}"
EndProject
Global
	GlobalSection(SolutionConfigurationPlatforms) = preSolution
		Debug|Any CPU = Debug|Any CPU
		Release|Any CPU = Release|Any CPU
	EndGlobalSection
	GlobalSection(ProjectConfigurationPlatforms) = postSolution
		{B734D176-7C72-4320-B24A-658D81421022}.Debug|Any CPU.ActiveCfg = Debug|Any CPU
		{B734D176-7C72-4320-B24A-658D81421022}.Debug|Any CPU.Build.0 = Debug|Any CPU
		{B734D176-7C72-4320-B24A-658D81421022}.Release|Any CPU.ActiveCfg = Release|Any CPU
		{B734D176-7C72-4320-B24A-658D81421022}.Release|Any CPU.Build.0 = Release|Any CPU
		{C51A75DD-FB8E-4360-B397-763A318CEBBF}.Debug|Any CPU.ActiveCfg = Debug|Any CPU
		{C51A75DD-FB8E-4360-B397-763A318CEBBF}.Debug|Any CPU.Build.0 = Debug|Any CPU
		{C51A75DD-FB8E-4360-B397-763A318CEBBF}.Release|Any CPU.ActiveCfg = Release|Any CPU
		{C51A75DD-FB8E-4360-B397-763A318CEBBF}.Release|Any CPU.Build.0 = Release|Any CPU
		{E91B872F-4CCA-4583-BEF8-DFB0A627AA41}.Debug|Any CPU.ActiveCfg = Debug|Any CPU
		{E91B872F-4CCA-4583-BEF8-DFB0A627AA41}.Debug|Any CPU.Build.0 = Debug|Any CPU
		{E91B872F-4CCA-4583-BEF8-DFB0A627AA41}.Release|Any CPU.ActiveCfg = Release|Any CPU
		{E91B872F-4CCA-4583-BEF8-DFB0A627AA41}.Release|Any CPU.Build.0 = Release|Any CPU
		{4D988CBD-E43F-45E9-A02F-8CE63CE439F2}.Debug|Any CPU.ActiveCfg = Debug|Any CPU
		{4D988CBD-E43F-45E9-A02F-8CE63CE439F2}.Debug|Any CPU.Build.0 = Debug|Any CPU
		{4D988CBD-E43F-45E9-A02F-8CE63CE439F2}.Release|Any CPU.ActiveCfg = Release|Any CPU
		{4D988CBD-E43F-45E9-A02F-8CE63CE439F2}.Release|Any CPU.Build.0 = Release|Any CPU
	EndGlobalSection
	GlobalSection(SolutionProperties) = preSolution
		HideSolutionNode = FALSE
	EndGlobalSection
EndGlobal
